
Microsoft Visual Studio Solution File, Format Version 12.00
# Visual Studio Version 16
VisualStudioVersion = 16.0.31729.503
MinimumVisualStudioVersion = 10.0.40219.1
Project("{FAE04EC0-301F-11D3-BF4B-00C04F79EFBC}") = "WPFAppEmployee", "WPFAppEmployee.csproj", "{88A6F515-937D-4988-9B07-D88190A3F021}"
EndProject
Project("{FAE04EC0-301F-11D3-BF4B-00C04F79EFBC}") = "Library_BLL", "..\Library_BLL\Library_BLL.csproj", "{BD89AB82-9202-427E-BBC0-F4D328063591}"
EndProject
Project("{FAE04EC0-301F-11D3-BF4B-00C04F79EFBC}") = "DAL(SQLite)", "..\DAL(SQLite)\DAL(SQLite).csproj", "{669D7B68-34C5-4425-A3C4-F5BAD6713266}"
EndProject
Global
	GlobalSection(SolutionConfigurationPlatforms) = preSolution
		Debug|Any CPU = Debug|Any CPU
		Release|Any CPU = Release|Any CPU
	EndGlobalSection
	GlobalSection(ProjectConfigurationPlatforms) = postSolution
		{88A6F515-937D-4988-9B07-D88190A3F021}.Debug|Any CPU.ActiveCfg = Debug|Any CPU
		{88A6F515-937D-4988-9B07-D88190A3F021}.Debug|Any CPU.Build.0 = Debug|Any CPU
		{88A6F515-937D-4988-9B07-D88190A3F021}.Release|Any CPU.ActiveCfg = Release|Any CPU
		{88A6F515-937D-4988-9B07-D88190A3F021}.Release|Any CPU.Build.0 = Release|Any CPU
		{BD89AB82-9202-427E-BBC0-F4D328063591}.Debug|Any CPU.ActiveCfg = Debug|Any CPU
		{BD89AB82-9202-427E-BBC0-F4D328063591}.Debug|Any CPU.Build.0 = Debug|Any CPU
		{BD89AB82-9202-427E-BBC0-F4D328063591}.Release|Any CPU.ActiveCfg = Release|Any CPU
		{BD89AB82-9202-427E-BBC0-F4D328063591}.Release|Any CPU.Build.0 = Release|Any CPU
		{669D7B68-34C5-4425-A3C4-F5BAD6713266}.Debug|Any CPU.ActiveCfg = Debug|Any CPU
		{669D7B68-34C5-4425-A3C4-F5BAD6713266}.Debug|Any CPU.Build.0 = Debug|Any CPU
		{669D7B68-34C5-4425-A3C4-F5BAD6713266}.Release|Any CPU.ActiveCfg = Release|Any CPU
		{669D7B68-34C5-4425-A3C4-F5BAD6713266}.Release|Any CPU.Build.0 = Release|Any CPU
	EndGlobalSection
	GlobalSection(SolutionProperties) = preSolution
		HideSolutionNode = FALSE
	EndGlobalSection
	GlobalSection(ExtensibilityGlobals) = postSolution
		SolutionGuid = {A28C4F7A-C631-44B7-872A-964CB98FD03E}
	EndGlobalSection
EndGlobal
